
Microsoft Visual Studio Solution File, Format Version 12.00
# Visual Studio Version 17
VisualStudioVersion = 17.12.35514.174 d17.12
MinimumVisualStudioVersion = 10.0.40219.1
Project("{FAE04EC0-301F-11D3-BF4B-00C04F79EFBC}") = "Order.Api", "Order.Api.csproj", "{9512468B-157F-462E-9269-CAD262517982}"
EndProject
Global
	GlobalSection(SolutionConfigurationPlatforms) = preSolution
		Debug|Any CPU = Debug|Any CPU
		Release|Any CPU = Release|Any CPU
	EndGlobalSection
	GlobalSection(ProjectConfigurationPlatforms) = postSolution
		{9512468B-157F-462E-9269-CAD262517982}.Debug|Any CPU.ActiveCfg = Debug|Any CPU
		{9512468B-157F-462E-9269-CAD262517982}.Debug|Any CPU.Build.0 = Debug|Any CPU
		{9512468B-157F-462E-9269-CAD262517982}.Release|Any CPU.ActiveCfg = Release|Any CPU
		{9512468B-157F-462E-9269-CAD262517982}.Release|Any CPU.Build.0 = Release|Any CPU
	EndGlobalSection
	GlobalSection(SolutionProperties) = preSolution
		HideSolutionNode = FALSE
	EndGlobalSection
EndGlobal
